
Microsoft Visual Studio Solution File, Format Version 12.00
Project("{FAE04EC0-301F-11D3-BF4B-00C04F79EFBC}") = "CalculateSquare.Core", "CalculateSquare.Core\CalculateSquare.Core.csproj", "{A2BBF125-4F90-4694-92C9-58BDB6C43AC9}"
EndProject
Project("{FAE04EC0-301F-11D3-BF4B-00C04F79EFBC}") = "CalculateSquare.Tests", "CalculateSquare.Tests\CalculateSquare.Tests.csproj", "{4F190498-2256-4230-BA54-C6B2A38A5A58}"
EndProject
Global
	GlobalSection(SolutionConfigurationPlatforms) = preSolution
		Debug|Any CPU = Debug|Any CPU
		Release|Any CPU = Release|Any CPU
	EndGlobalSection
	GlobalSection(ProjectConfigurationPlatforms) = postSolution
		{A2BBF125-4F90-4694-92C9-58BDB6C43AC9}.Debug|Any CPU.ActiveCfg = Debug|Any CPU
		{A2BBF125-4F90-4694-92C9-58BDB6C43AC9}.Debug|Any CPU.Build.0 = Debug|Any CPU
		{A2BBF125-4F90-4694-92C9-58BDB6C43AC9}.Release|Any CPU.ActiveCfg = Release|Any CPU
		{A2BBF125-4F90-4694-92C9-58BDB6C43AC9}.Release|Any CPU.Build.0 = Release|Any CPU
		{4F190498-2256-4230-BA54-C6B2A38A5A58}.Debug|Any CPU.ActiveCfg = Debug|Any CPU
		{4F190498-2256-4230-BA54-C6B2A38A5A58}.Debug|Any CPU.Build.0 = Debug|Any CPU
		{4F190498-2256-4230-BA54-C6B2A38A5A58}.Release|Any CPU.ActiveCfg = Release|Any CPU
		{4F190498-2256-4230-BA54-C6B2A38A5A58}.Release|Any CPU.Build.0 = Release|Any CPU
	EndGlobalSection
EndGlobal
